
Microsoft Visual Studio Solution File, Format Version 11.00
# Visual Studio 2010
Project("{FAE04EC0-301F-11D3-BF4B-00C04F79EFBC}") = "SSChema.Controller", "SSChema.Controller\SSChema.Controller.csproj", "{DA3203BB-F899-4E11-884B-AF14B28DEEF9}"
EndProject
Project("{FAE04EC0-301F-11D3-BF4B-00C04F79EFBC}") = "SSChema.Services", "SSChema.Services\SSChema.Services.csproj", "{BEB3C44A-88F6-447A-A319-73AAC4838680}"
EndProject
Project("{FAE04EC0-301F-11D3-BF4B-00C04F79EFBC}") = "SSChema.Common", "SSChema.Common\SSChema.Common.csproj", "{48646F82-FA7A-4832-9774-7A15054B55F2}"
EndProject
Project("{FAE04EC0-301F-11D3-BF4B-00C04F79EFBC}") = "TestWebServices", "TestWebServices\TestWebServices.csproj", "{88F1A084-88A9-4980-8A5A-8B01FFF96042}"
EndProject
Project("{FAE04EC0-301F-11D3-BF4B-00C04F79EFBC}") = "SSChema.InnstoSql", "SSChema.InnstoSql\SSChema.InnstoSql.csproj", "{8D291535-4649-4C44-A354-3916E000B61B}"
EndProject
Global
	GlobalSection(SolutionConfigurationPlatforms) = preSolution
		Debug|Any CPU = Debug|Any CPU
		Debug|Mixed Platforms = Debug|Mixed Platforms
		Debug|x86 = Debug|x86
		Release|Any CPU = Release|Any CPU
		Release|Mixed Platforms = Release|Mixed Platforms
		Release|x86 = Release|x86
	EndGlobalSection
	GlobalSection(ProjectConfigurationPlatforms) = postSolution
		{DA3203BB-F899-4E11-884B-AF14B28DEEF9}.Debug|Any CPU.ActiveCfg = Debug|x86
		{DA3203BB-F899-4E11-884B-AF14B28DEEF9}.Debug|Mixed Platforms.ActiveCfg = Debug|x86
		{DA3203BB-F899-4E11-884B-AF14B28DEEF9}.Debug|Mixed Platforms.Build.0 = Debug|x86
		{DA3203BB-F899-4E11-884B-AF14B28DEEF9}.Debug|x86.ActiveCfg = Debug|x86
		{DA3203BB-F899-4E11-884B-AF14B28DEEF9}.Debug|x86.Build.0 = Debug|x86
		{DA3203BB-F899-4E11-884B-AF14B28DEEF9}.Release|Any CPU.ActiveCfg = Release|x86
		{DA3203BB-F899-4E11-884B-AF14B28DEEF9}.Release|Mixed Platforms.ActiveCfg = Release|x86
		{DA3203BB-F899-4E11-884B-AF14B28DEEF9}.Release|Mixed Platforms.Build.0 = Release|x86
		{DA3203BB-F899-4E11-884B-AF14B28DEEF9}.Release|x86.ActiveCfg = Release|x86
		{DA3203BB-F899-4E11-884B-AF14B28DEEF9}.Release|x86.Build.0 = Release|x86
		{BEB3C44A-88F6-447A-A319-73AAC4838680}.Debug|Any CPU.ActiveCfg = Debug|x86
		{BEB3C44A-88F6-447A-A319-73AAC4838680}.Debug|Mixed Platforms.ActiveCfg = Debug|x86
		{BEB3C44A-88F6-447A-A319-73AAC4838680}.Debug|Mixed Platforms.Build.0 = Debug|x86
		{BEB3C44A-88F6-447A-A319-73AAC4838680}.Debug|x86.ActiveCfg = Debug|x86
		{BEB3C44A-88F6-447A-A319-73AAC4838680}.Debug|x86.Build.0 = Debug|x86
		{BEB3C44A-88F6-447A-A319-73AAC4838680}.Release|Any CPU.ActiveCfg = Release|x86
		{BEB3C44A-88F6-447A-A319-73AAC4838680}.Release|Mixed Platforms.ActiveCfg = Release|x86
		{BEB3C44A-88F6-447A-A319-73AAC4838680}.Release|Mixed Platforms.Build.0 = Release|x86
		{BEB3C44A-88F6-447A-A319-73AAC4838680}.Release|x86.ActiveCfg = Release|x86
		{BEB3C44A-88F6-447A-A319-73AAC4838680}.Release|x86.Build.0 = Release|x86
		{48646F82-FA7A-4832-9774-7A15054B55F2}.Debug|Any CPU.ActiveCfg = Debug|Any CPU
		{48646F82-FA7A-4832-9774-7A15054B55F2}.Debug|Any CPU.Build.0 = Debug|Any CPU
		{48646F82-FA7A-4832-9774-7A15054B55F2}.Debug|Mixed Platforms.ActiveCfg = Debug|Any CPU
		{48646F82-FA7A-4832-9774-7A15054B55F2}.Debug|Mixed Platforms.Build.0 = Debug|Any CPU
		{48646F82-FA7A-4832-9774-7A15054B55F2}.Debug|x86.ActiveCfg = Debug|Any CPU
		{48646F82-FA7A-4832-9774-7A15054B55F2}.Release|Any CPU.ActiveCfg = Release|Any CPU
		{48646F82-FA7A-4832-9774-7A15054B55F2}.Release|Any CPU.Build.0 = Release|Any CPU
		{48646F82-FA7A-4832-9774-7A15054B55F2}.Release|Mixed Platforms.ActiveCfg = Release|Any CPU
		{48646F82-FA7A-4832-9774-7A15054B55F2}.Release|Mixed Platforms.Build.0 = Release|Any CPU
		{48646F82-FA7A-4832-9774-7A15054B55F2}.Release|x86.ActiveCfg = Release|Any CPU
		{88F1A084-88A9-4980-8A5A-8B01FFF96042}.Debug|Any CPU.ActiveCfg = Debug|Any CPU
		{88F1A084-88A9-4980-8A5A-8B01FFF96042}.Debug|Any CPU.Build.0 = Debug|Any CPU
		{88F1A084-88A9-4980-8A5A-8B01FFF96042}.Debug|Mixed Platforms.ActiveCfg = Debug|Any CPU
		{88F1A084-88A9-4980-8A5A-8B01FFF96042}.Debug|Mixed Platforms.Build.0 = Debug|Any CPU
		{88F1A084-88A9-4980-8A5A-8B01FFF96042}.Debug|x86.ActiveCfg = Debug|Any CPU
		{88F1A084-88A9-4980-8A5A-8B01FFF96042}.Release|Any CPU.ActiveCfg = Release|Any CPU
		{88F1A084-88A9-4980-8A5A-8B01FFF96042}.Release|Any CPU.Build.0 = Release|Any CPU
		{88F1A084-88A9-4980-8A5A-8B01FFF96042}.Release|Mixed Platforms.ActiveCfg = Release|Any CPU
		{88F1A084-88A9-4980-8A5A-8B01FFF96042}.Release|Mixed Platforms.Build.0 = Release|Any CPU
		{88F1A084-88A9-4980-8A5A-8B01FFF96042}.Release|x86.ActiveCfg = Release|Any CPU
		{8D291535-4649-4C44-A354-3916E000B61B}.Debug|Any CPU.ActiveCfg = Debug|x86
		{8D291535-4649-4C44-A354-3916E000B61B}.Debug|Mixed Platforms.ActiveCfg = Debug|x86
		{8D291535-4649-4C44-A354-3916E000B61B}.Debug|Mixed Platforms.Build.0 = Debug|x86
		{8D291535-4649-4C44-A354-3916E000B61B}.Debug|x86.ActiveCfg = Debug|x86
		{8D291535-4649-4C44-A354-3916E000B61B}.Debug|x86.Build.0 = Debug|x86
		{8D291535-4649-4C44-A354-3916E000B61B}.Release|Any CPU.ActiveCfg = Release|x86
		{8D291535-4649-4C44-A354-3916E000B61B}.Release|Mixed Platforms.ActiveCfg = Release|x86
		{8D291535-4649-4C44-A354-3916E000B61B}.Release|Mixed Platforms.Build.0 = Release|x86
		{8D291535-4649-4C44-A354-3916E000B61B}.Release|x86.ActiveCfg = Release|x86
		{8D291535-4649-4C44-A354-3916E000B61B}.Release|x86.Build.0 = Release|x86
	EndGlobalSection
	GlobalSection(SolutionProperties) = preSolution
		HideSolutionNode = FALSE
	EndGlobalSection
EndGlobal
